
Microsoft Visual Studio Solution File, Format Version 12.00
# Visual Studio Version 17
VisualStudioVersion = 17.9.34902.65
MinimumVisualStudioVersion = 10.0.40219.1
Project("{FAE04EC0-301F-11D3-BF4B-00C04F79EFBC}") = "Model", "Model\Model.csproj", "{31A711F9-D740-4DA6-93E4-6D273FE335FE}"
EndProject
Global
	GlobalSection(SolutionConfigurationPlatforms) = preSolution
		Debug|Any CPU = Debug|Any CPU
		Release|Any CPU = Release|Any CPU
	EndGlobalSection
	GlobalSection(ProjectConfigurationPlatforms) = postSolution
		{31A711F9-D740-4DA6-93E4-6D273FE335FE}.Debug|Any CPU.ActiveCfg = Debug|Any CPU
		{31A711F9-D740-4DA6-93E4-6D273FE335FE}.Debug|Any CPU.Build.0 = Debug|Any CPU
		{31A711F9-D740-4DA6-93E4-6D273FE335FE}.Release|Any CPU.ActiveCfg = Release|Any CPU
		{31A711F9-D740-4DA6-93E4-6D273FE335FE}.Release|Any CPU.Build.0 = Release|Any CPU
	EndGlobalSection
	GlobalSection(SolutionProperties) = preSolution
		HideSolutionNode = FALSE
	EndGlobalSection
	GlobalSection(ExtensibilityGlobals) = postSolution
		SolutionGuid = {98B0F4C2-557B-45C7-9C6B-C17A3915B9DA}
	EndGlobalSection
EndGlobal
